
Microsoft Visual Studio Solution File, Format Version 12.00
# Visual Studio Version 16
VisualStudioVersion = 16.0.29519.87
MinimumVisualStudioVersion = 10.0.40219.1
Project("{9A19103F-16F7-4668-BE54-9A1E7A4F7556}") = "XNB", "XNB.csproj", "{6A2808EA-320E-4E93-8B11-A4F5F3CE0AD4}"
EndProject
Project("{FAE04EC0-301F-11D3-BF4B-00C04F79EFBC}") = "XNBTest", "..\XNBTest\XNBTest.csproj", "{6FA4A0E0-F9B6-43B5-8762-589F7C3279EC}"
EndProject
Global
	GlobalSection(SolutionConfigurationPlatforms) = preSolution
		Debug|Any CPU = Debug|Any CPU
		Release|Any CPU = Release|Any CPU
	EndGlobalSection
	GlobalSection(ProjectConfigurationPlatforms) = postSolution
		{6A2808EA-320E-4E93-8B11-A4F5F3CE0AD4}.Debug|Any CPU.ActiveCfg = Debug|Any CPU
		{6A2808EA-320E-4E93-8B11-A4F5F3CE0AD4}.Debug|Any CPU.Build.0 = Debug|Any CPU
		{6A2808EA-320E-4E93-8B11-A4F5F3CE0AD4}.Release|Any CPU.ActiveCfg = Release|Any CPU
		{6A2808EA-320E-4E93-8B11-A4F5F3CE0AD4}.Release|Any CPU.Build.0 = Release|Any CPU
		{6FA4A0E0-F9B6-43B5-8762-589F7C3279EC}.Debug|Any CPU.ActiveCfg = Debug|Any CPU
		{6FA4A0E0-F9B6-43B5-8762-589F7C3279EC}.Debug|Any CPU.Build.0 = Debug|Any CPU
		{6FA4A0E0-F9B6-43B5-8762-589F7C3279EC}.Release|Any CPU.ActiveCfg = Release|Any CPU
		{6FA4A0E0-F9B6-43B5-8762-589F7C3279EC}.Release|Any CPU.Build.0 = Release|Any CPU
	EndGlobalSection
	GlobalSection(SolutionProperties) = preSolution
		HideSolutionNode = FALSE
	EndGlobalSection
	GlobalSection(ExtensibilityGlobals) = postSolution
		SolutionGuid = {62A68EB5-213B-4046-92D9-5DD61C5260AE}
	EndGlobalSection
EndGlobal
